# THIS IS AN AUTOGENERATED FILE. DO NOT EDIT THIS FILE DIRECTLY.
# yarn lockfile v1


nan@^2.14.0:
  version "2.19.0"
  resolved "https://registry.yarnpkg.com/nan/-/nan-2.19.0.tgz#bb58122ad55a6c5bc973303908d5b16cfdd5a8c0"
  integrity sha512-nO1xXxfh/RWNxfd/XPfbIfFk5vgLsAxUR9y5O0cHMJu/AW9U95JLXqthYHjEp+8gQ5p96K9jUp8nbVOxCdRbtw==

node-addon-api@^7.1.0:
  version "7.1.0"
  resolved "https://registry.yarnpkg.com/node-addon-api/-/node-addon-api-7.1.0.tgz#71f609369379c08e251c558527a107107b5e0fdb"
  integrity sha512-mNcltoe1R8o7STTegSOHdnJNN7s5EUvhoS7ShnTHDyOSd+8H+UdWODq6qSv67PjC8Zc5JRT8+oLAMCr0SIXw7g==

node-gyp-build@^4.8.0:
  version "4.8.0"
  resolved "https://registry.yarnpkg.com/node-gyp-build/-/node-gyp-build-4.8.0.tgz#3fee9c1731df4581a3f9ead74664369ff00d26dd"
  integrity sha512-u6fs2AEUljNho3EYTJNBfImO5QTo/J/1Etd+NVdCj7qWKUSN/bSLkZwhDv7I+w/MSC6qJ4cknepkAYykDdK8og==

tree-sitter-javascript@../tree-sitter-javascript:
  version "0.20.3"
  dependencies:
    node-addon-api "^7.1.0"
    node-gyp-build "^4.8.0"
